
Microsoft Visual Studio Solution File, Format Version 12.00
# Visual Studio Version 16
VisualStudioVersion = 16.0.30523.141
MinimumVisualStudioVersion = 10.0.40219.1
Project("{9A19103F-16F7-4668-BE54-9A1E7A4F7556}") = "IRobotAlina.Web", "IRobotAlina.Web\IRobotAlina.Web.csproj", "{EB4B85EC-3452-44FE-944E-98606B09E5A2}"
EndProject
Project("{9A19103F-16F7-4668-BE54-9A1E7A4F7556}") = "IRobotAlina.Data", "IRobotAlina.Data\IRobotAlina.Data.csproj", "{99FEA444-F339-4972-A578-6367EFBCBAA2}"
EndProject
Project("{FAE04EC0-301F-11D3-BF4B-00C04F79EFBC}") = "IRobotAlinaFake_ConsoleAppNetCore", "IRobotAlinaFake_ConsoleAppNetCore\IRobotAlinaFake_ConsoleAppNetCore.csproj", "{754EB41D-6FDA-431C-BD5F-5B7D0678CEC7}"
EndProject
Global
	GlobalSection(SolutionConfigurationPlatforms) = preSolution
		Debug|Any CPU = Debug|Any CPU
		Release|Any CPU = Release|Any CPU
	EndGlobalSection
	GlobalSection(ProjectConfigurationPlatforms) = postSolution
		{EB4B85EC-3452-44FE-944E-98606B09E5A2}.Debug|Any CPU.ActiveCfg = Debug|Any CPU
		{EB4B85EC-3452-44FE-944E-98606B09E5A2}.Debug|Any CPU.Build.0 = Debug|Any CPU
		{EB4B85EC-3452-44FE-944E-98606B09E5A2}.Release|Any CPU.ActiveCfg = Release|Any CPU
		{EB4B85EC-3452-44FE-944E-98606B09E5A2}.Release|Any CPU.Build.0 = Release|Any CPU
		{99FEA444-F339-4972-A578-6367EFBCBAA2}.Debug|Any CPU.ActiveCfg = Debug|Any CPU
		{99FEA444-F339-4972-A578-6367EFBCBAA2}.Debug|Any CPU.Build.0 = Debug|Any CPU
		{99FEA444-F339-4972-A578-6367EFBCBAA2}.Release|Any CPU.ActiveCfg = Release|Any CPU
		{99FEA444-F339-4972-A578-6367EFBCBAA2}.Release|Any CPU.Build.0 = Release|Any CPU
		{754EB41D-6FDA-431C-BD5F-5B7D0678CEC7}.Debug|Any CPU.ActiveCfg = Debug|Any CPU
		{754EB41D-6FDA-431C-BD5F-5B7D0678CEC7}.Debug|Any CPU.Build.0 = Debug|Any CPU
		{754EB41D-6FDA-431C-BD5F-5B7D0678CEC7}.Release|Any CPU.ActiveCfg = Release|Any CPU
		{754EB41D-6FDA-431C-BD5F-5B7D0678CEC7}.Release|Any CPU.Build.0 = Release|Any CPU
	EndGlobalSection
	GlobalSection(SolutionProperties) = preSolution
		HideSolutionNode = FALSE
	EndGlobalSection
	GlobalSection(ExtensibilityGlobals) = postSolution
		SolutionGuid = {5E763DC9-EDD1-4B33-9415-599BFAB55A79}
	EndGlobalSection
EndGlobal
